Microsoft Visual Studio Solution File, Format Version 11.00
# Visual Studio 2008

Project("{7F44B0BC-E094-1DF7-9D43-A110C49C08C8}") = "StarterExample", "Assembly-CSharp-vs.csproj", "{C80F90BA-8174-83B1-A197-D2A5065E52A6}"
EndProject
Global
	GlobalSection(SolutionConfigurationPlatforms) = preSolution
		Debug|Any CPU = Debug|Any CPU
		Release|Any CPU = Release|Any CPU
	EndGlobalSection
	GlobalSection(ProjectConfigurationPlatforms) = postSolution
		{C80F90BA-8174-83B1-A197-D2A5065E52A6}.Debug|Any CPU.ActiveCfg = Debug|Any CPU
		{C80F90BA-8174-83B1-A197-D2A5065E52A6}.Debug|Any CPU.Build.0 = Debug|Any CPU
		{C80F90BA-8174-83B1-A197-D2A5065E52A6}.Release|Any CPU.ActiveCfg = Release|Any CPU
		{C80F90BA-8174-83B1-A197-D2A5065E52A6}.Release|Any CPU.Build.0 = Release|Any CPU
	EndGlobalSection
	GlobalSection(SolutionProperties) = preSolution
		HideSolutionNode = FALSE
	EndGlobalSection
											GlobalSection(MonoDevelopProperties) = preSolution
		StartupItem = Assembly-CSharp.csproj
		Policies = $0
		$0.TextStylePolicy = $1
		$1.inheritsSet = null
		$1.scope = text/x-csharp
		$0.CSharpFormattingPolicy = $2
		$2.inheritsSet = Mono
		$2.inheritsScope = text/x-csharp
		$2.scope = text/x-csharp
		$0.TextStylePolicy = $3
		$3.FileWidth = 120
		$3.TabWidth = 4
		$3.IndentWidth = 4
		$3.EolMarker = Unix
		$3.inheritsSet = Mono
		$3.inheritsScope = text/plain
		$3.scope = text/plain
	EndGlobalSection

EndGlobal
