
Microsoft Visual Studio Solution File, Format Version 12.00
# Visual Studio 2015
Project("{FAE04EC0-301F-11D3-BF4B-00C04F79EFBC}") = "UptoDateCode3.CSharp", "UptoDateCode3.CSharp.csproj", "{BCA66A5C-765A-5F9F-7CCA-36F343753A07}"
EndProject
Global
	GlobalSection(SolutionConfigurationPlatforms) = preSolution
		Debug|Any CPU = Debug|Any CPU
		Release|Any CPU = Release|Any CPU
	EndGlobalSection
	GlobalSection(ProjectConfigurationPlatforms) = postSolution
		{BCA66A5C-765A-5F9F-7CCA-36F343753A07}.Debug|Any CPU.ActiveCfg = Debug|Any CPU
		{BCA66A5C-765A-5F9F-7CCA-36F343753A07}.Debug|Any CPU.Build.0 = Debug|Any CPU
		{BCA66A5C-765A-5F9F-7CCA-36F343753A07}.Release|Any CPU.ActiveCfg = Release|Any CPU
		{BCA66A5C-765A-5F9F-7CCA-36F343753A07}.Release|Any CPU.Build.0 = Release|Any CPU
	EndGlobalSection
	GlobalSection(SolutionProperties) = preSolution
		HideSolutionNode = FALSE
	EndGlobalSection
EndGlobal
